
Microsoft Visual Studio Solution File, Format Version 12.00
# Visual Studio Version 17
VisualStudioVersion = 17.1.32319.34
MinimumVisualStudioVersion = 10.0.40219.1
Project("{FAE04EC0-301F-11D3-BF4B-00C04F79EFBC}") = "Axiom.Game.DX9", "src\Axiom.Game.DX9\Axiom.Game.DX9.csproj", "{598BBE84-EA77-49D1-AF09-BE378707BF9C}"
EndProject
Project("{2150E333-8FDC-42A3-9474-1A3956D46DE8}") = "src", "src", "{AA31F3D4-658C-4997-BAA9-1DF03688E211}"
EndProject
Project("{FAE04EC0-301F-11D3-BF4B-00C04F79EFBC}") = "AxiomTemplates", "src\AxiomTemplates\AxiomTemplates.csproj", "{5B91E6CB-4B4D-4B74-8253-4E2D16922161}"
EndProject
Global
	GlobalSection(SolutionConfigurationPlatforms) = preSolution
		Debug|Any CPU = Debug|Any CPU
		Debug|x86 = Debug|x86
		Release|Any CPU = Release|Any CPU
		Release|x86 = Release|x86
	EndGlobalSection
	GlobalSection(ProjectConfigurationPlatforms) = postSolution
		{598BBE84-EA77-49D1-AF09-BE378707BF9C}.Debug|Any CPU.ActiveCfg = Debug|Any CPU
		{598BBE84-EA77-49D1-AF09-BE378707BF9C}.Debug|Any CPU.Build.0 = Debug|Any CPU
		{598BBE84-EA77-49D1-AF09-BE378707BF9C}.Debug|x86.ActiveCfg = Debug|x86
		{598BBE84-EA77-49D1-AF09-BE378707BF9C}.Debug|x86.Build.0 = Debug|x86
		{598BBE84-EA77-49D1-AF09-BE378707BF9C}.Release|Any CPU.ActiveCfg = Release|Any CPU
		{598BBE84-EA77-49D1-AF09-BE378707BF9C}.Release|Any CPU.Build.0 = Release|Any CPU
		{598BBE84-EA77-49D1-AF09-BE378707BF9C}.Release|x86.ActiveCfg = Release|x86
		{598BBE84-EA77-49D1-AF09-BE378707BF9C}.Release|x86.Build.0 = Release|x86
		{5B91E6CB-4B4D-4B74-8253-4E2D16922161}.Debug|Any CPU.ActiveCfg = Debug|Any CPU
		{5B91E6CB-4B4D-4B74-8253-4E2D16922161}.Debug|Any CPU.Build.0 = Debug|Any CPU
		{5B91E6CB-4B4D-4B74-8253-4E2D16922161}.Debug|x86.ActiveCfg = Debug|x86
		{5B91E6CB-4B4D-4B74-8253-4E2D16922161}.Debug|x86.Build.0 = Debug|x86
		{5B91E6CB-4B4D-4B74-8253-4E2D16922161}.Release|Any CPU.ActiveCfg = Release|Any CPU
		{5B91E6CB-4B4D-4B74-8253-4E2D16922161}.Release|Any CPU.Build.0 = Release|Any CPU
		{5B91E6CB-4B4D-4B74-8253-4E2D16922161}.Release|x86.ActiveCfg = Release|x86
		{5B91E6CB-4B4D-4B74-8253-4E2D16922161}.Release|x86.Build.0 = Release|x86
	EndGlobalSection
	GlobalSection(SolutionProperties) = preSolution
		HideSolutionNode = FALSE
	EndGlobalSection
	GlobalSection(NestedProjects) = preSolution
		{598BBE84-EA77-49D1-AF09-BE378707BF9C} = {AA31F3D4-658C-4997-BAA9-1DF03688E211}
		{5B91E6CB-4B4D-4B74-8253-4E2D16922161} = {AA31F3D4-658C-4997-BAA9-1DF03688E211}
	EndGlobalSection
	GlobalSection(ExtensibilityGlobals) = postSolution
		SolutionGuid = {9C5DFC99-873F-40D0-AE35-59FFB1ED2E1D}
	EndGlobalSection
EndGlobal
